
Microsoft Visual Studio Solution File, Format Version 12.00
# Visual Studio Version 17
VisualStudioVersion = 17.3.32811.315
MinimumVisualStudioVersion = 10.0.40219.1
Project("{9A19103F-16F7-4668-BE54-9A1E7A4F7556}") = "Csv_Parser", "Csv_Parser\Csv_Parser.csproj", "{28D1572D-3F3D-49AF-BE04-28B414B0520B}"
EndProject
Global
	GlobalSection(SolutionConfigurationPlatforms) = preSolution
		Debug|Any CPU = Debug|Any CPU
		Release|Any CPU = Release|Any CPU
	EndGlobalSection
	GlobalSection(ProjectConfigurationPlatforms) = postSolution
		{28D1572D-3F3D-49AF-BE04-28B414B0520B}.Debug|Any CPU.ActiveCfg = Debug|Any CPU
		{28D1572D-3F3D-49AF-BE04-28B414B0520B}.Debug|Any CPU.Build.0 = Debug|Any CPU
		{28D1572D-3F3D-49AF-BE04-28B414B0520B}.Release|Any CPU.ActiveCfg = Release|Any CPU
		{28D1572D-3F3D-49AF-BE04-28B414B0520B}.Release|Any CPU.Build.0 = Release|Any CPU
	EndGlobalSection
	GlobalSection(SolutionProperties) = preSolution
		HideSolutionNode = FALSE
	EndGlobalSection
	GlobalSection(ExtensibilityGlobals) = postSolution
		SolutionGuid = {CD8C352E-C492-48B1-A691-9C4D2655E7E0}
	EndGlobalSection
EndGlobal
